// !$*UTF8*$!
{
	archiveVersion = 1;
	classes = {
	};
	objectVersion = 55;
	objects = {

/* Begin PBXBuildFile section */
		1980BF6D2804D86200E6FBF0 /* AppDelegate.swift in Sources */ = {isa = PBXBuildFile; fileRef = 1980BF6C2804D86200E6FBF0 /* AppDelegate.swift */; };
		1980BF6F2804D86200E6FBF0 /* SceneDelegate.swift in Sources */ = {isa = PBXBuildFile; fileRef = 1980BF6E2804D86200E6FBF0 /* SceneDelegate.swift */; };
		1980BF712804D86200E6FBF0 /* ViewController.swift in Sources */ = {isa = PBXBuildFile; fileRef = 1980BF702804D86200E6FBF0 /* ViewController.swift */; };
		1980BF742804D86200E6FBF0 /* Main.storyboard in Resources */ = {isa = PBXBuildFile; fileRef = 1980BF722804D86200E6FBF0 /* Main.storyboard */; };
		1980BF762804D86600E6FBF0 /* Assets.xcassets in Resources */ = {isa = PBXBuildFile; fileRef = 1980BF752804D86600E6FBF0 /* Assets.xcassets */; };
		1980BF792804D86600E6FBF0 /* LaunchScreen.storyboard in Resources */ = {isa = PBXBuildFile; fileRef = 1980BF772804D86600E6FBF0 /* LaunchScreen.storyboard */; };
		1980BF842804D86600E6FBF0 /* BuggyTests.swift in Sources */ = {isa = PBXBuildFile; fileRef = 1980BF832804D86600E6FBF0 /* BuggyTests.swift */; };
		1980BF8E2804D86700E6FBF0 /* BuggyUITests.swift in Sources */ = {isa = PBXBuildFile; fileRef = 1980BF8D2804D86700E6FBF0 /* BuggyUITests.swift */; };
		1980BF902804D86700E6FBF0 /* BuggyUITestsLaunchTests.swift in Sources */ = {isa = PBXBuildFile; fileRef = 1980BF8F2804D86700E6FBF0 /* BuggyUITestsLaunchTests.swift */; };
/* End PBXBuildFile section */

/* Begin PBXContainerItemProxy section */
		1980BF802804D86600E6FBF0 /* PBXContainerItemProxy */ = {
			isa = PBXContainerItemProxy;
			containerPortal = 1980BF612804D86100E6FBF0 /* Project object */;
			proxyType = 1;
			remoteGlobalIDString = 1980BF682804D86200E6FBF0;
			remoteInfo = Buggy;
		};
		1980BF8A2804D86700E6FBF0 /* PBXContainerItemProxy */ = {
			isa = PBXContainerItemProxy;
			containerPortal = 1980BF612804D86100E6FBF0 /* Project object */;
			proxyType = 1;
			remoteGlobalIDString = 1980BF682804D86200E6FBF0;
			remoteInfo = Buggy;
		};
/* End PBXContainerItemProxy section */

/* Begin PBXFileReference section */
		1980BF692804D86200E6FBF0 /* Buggy.app */ = {isa = PBXFileReference; explicitFileType = wrapper.application; includeInIndex = 0; path = Buggy.app; sourceTree = BUILT_PRODUCTS_DIR; };
		1980BF6C2804D86200E6FBF0 /* AppDelegate.swift */ = {isa = PBXFileReference; lastKnownFileType = sourcecode.swift; path = AppDelegate.swift; sourceTree = "<group>"; };
		1980BF6E2804D86200E6FBF0 /* SceneDelegate.swift */ = {isa = PBXFileReference; lastKnownFileType = sourcecode.swift; path = SceneDelegate.swift; sourceTree = "<group>"; };
		1980BF702804D86200E6FBF0 /* ViewController.swift */ = {isa = PBXFileReference; lastKnownFileType = sourcecode.swift; path = ViewController.swift; sourceTree = "<group>"; };
		1980BF732804D86200E6FBF0 /* Base */ = {isa = PBXFileReference; lastKnownFileType = file.storyboard; name = Base; path = Base.lproj/Main.storyboard; sourceTree = "<group>"; };
		1980BF752804D86600E6FBF0 /* Assets.xcassets */ = {isa = PBXFileReference; lastKnownFileType = folder.assetcatalog; path = Assets.xcassets; sourceTree = "<group>"; };
		1980BF782804D86600E6FBF0 /* Base */ = {isa = PBXFileReference; lastKnownFileType = file.storyboard; name = Base; path = Base.lproj/LaunchScreen.storyboard; sourceTree = "<group>"; };
		1980BF7A2804D86600E6FBF0 /* Info.plist */ = {isa = PBXFileReference; lastKnownFileType = text.plist.xml; path = Info.plist; sourceTree = "<group>"; };
		1980BF7F2804D86600E6FBF0 /* BuggyTests.xctest */ = {isa = PBXFileReference; explicitFileType = wrapper.cfbundle; includeInIndex = 0; path = BuggyTests.xctest; sourceTree = BUILT_PRODUCTS_DIR; };
		1980BF832804D86600E6FBF0 /* BuggyTests.swift */ = {isa = PBXFileReference; lastKnownFileType = sourcecode.swift; path = BuggyTests.swift; sourceTree = "<group>"; };
		1980BF892804D86700E6FBF0 /* BuggyUITests.xctest */ = {isa = PBXFileReference; explicitFileType = wrapper.cfbundle; includeInIndex = 0; path = BuggyUITests.xctest; sourceTree = BUILT_PRODUCTS_DIR; };
		1980BF8D2804D86700E6FBF0 /* BuggyUITests.swift */ = {isa = PBXFileReference; lastKnownFileType = sourcecode.swift; path = BuggyUITests.swift; sourceTree = "<group>"; };
		1980BF8F2804D86700E6FBF0 /* BuggyUITestsLaunchTests.swift */ = {isa = PBXFileReference; lastKnownFileType = sourcecode.swift; path = BuggyUITestsLaunchTests.swift; sourceTree = "<group>"; };
/* End PBXFileReference section */

/* Begin PBXFrameworksBuildPhase section */
		1980BF662804D86200E6FBF0 /* Frameworks */ = {
			isa = PBXFrameworksBuildPhase;
			buildActionMask = 2147483647;
			files = (
			);
			runOnlyForDeploymentPostprocessing = 0;
		};
		1980BF7C2804D86600E6FBF0 /* Frameworks */ = {
			isa = PBXFrameworksBuildPhase;
			buildActionMask = 2147483647;
			files = (
			);
			runOnlyForDeploymentPostprocessing = 0;
		};
		1980BF862804D86700E6FBF0 /* Frameworks */ = {
			isa = PBXFrameworksBuildPhase;
			buildActionMask = 2147483647;
			files = (
			);
			runOnlyForDeploymentPostprocessing = 0;
		};
/* End PBXFrameworksBuildPhase section */

/* Begin PBXGroup section */
		1980BF602804D86100E6FBF0 = {
			isa = PBXGroup;
			children = (
				1980BF6B2804D86200E6FBF0 /* Buggy */,
				1980BF822804D86600E6FBF0 /* BuggyTests */,
				1980BF8C2804D86700E6FBF0 /* BuggyUITests */,
				1980BF6A2804D86200E6FBF0 /* Products */,
			);
			sourceTree = "<group>";
		};
		1980BF6A2804D86200E6FBF0 /* Products */ = {
			isa = PBXGroup;
			children = (
				1980BF692804D86200E6FBF0 /* Buggy.app */,
				1980BF7F2804D86600E6FBF0 /* BuggyTests.xctest */,
				1980BF892804D86700E6FBF0 /* BuggyUITests.xctest */,
			);
			name = Products;
			sourceTree = "<group>";
		};
		1980BF6B2804D86200E6FBF0 /* Buggy */ = {
			isa = PBXGroup;
			children = (
				1980BF6C2804D86200E6FBF0 /* AppDelegate.swift */,
				1980BF6E2804D86200E6FBF0 /* SceneDelegate.swift */,
				1980BF702804D86200E6FBF0 /* ViewController.swift */,
				1980BF722804D86200E6FBF0 /* Main.storyboard */,
				1980BF752804D86600E6FBF0 /* Assets.xcassets */,
				1980BF772804D86600E6FBF0 /* LaunchScreen.storyboard */,
				1980BF7A2804D86600E6FBF0 /* Info.plist */,
			);
			path = Buggy;
			sourceTree = "<group>";
		};
		1980BF822804D86600E6FBF0 /* BuggyTests */ = {
			isa = PBXGroup;
			children = (
				1980BF832804D86600E6FBF0 /* BuggyTests.swift */,
			);
			path = BuggyTests;
			sourceTree = "<group>";
		};
		1980BF8C2804D86700E6FBF0 /* BuggyUITests */ = {
			isa = PBXGroup;
			children = (
				1980BF8D2804D86700E6FBF0 /* BuggyUITests.swift */,
				1980BF8F2804D86700E6FBF0 /* BuggyUITestsLaunchTests.swift */,
			);
			path = BuggyUITests;
			sourceTree = "<group>";
		};
/* End PBXGroup section */

/* Begin PBXNativeTarget section */
		1980BF682804D86200E6FBF0 /* Buggy */ = {
			isa = PBXNativeTarget;
			buildConfigurationList = 1980BF932804D86700E6FBF0 /* Build configuration list for PBXNativeTarget "Buggy" */;
			buildPhases = (
				1980BF652804D86200E6FBF0 /* Sources */,
				1980BF662804D86200E6FBF0 /* Frameworks */,
				1980BF672804D86200E6FBF0 /* Resources */,
			);
			buildRules = (
			);
			dependencies = (
			);
			name = Buggy;
			productName = Buggy;
			productReference = 1980BF692804D86200E6FBF0 /* Buggy.app */;
			productType = "com.apple.product-type.application";
		};
		1980BF7E2804D86600E6FBF0 /* BuggyTests */ = {
			isa = PBXNativeTarget;
			buildConfigurationList = 1980BF962804D86700E6FBF0 /* Build configuration list for PBXNativeTarget "BuggyTests" */;
			buildPhases = (
				1980BF7B2804D86600E6FBF0 /* Sources */,
				1980BF7C2804D86600E6FBF0 /* Frameworks */,
				1980BF7D2804D86600E6FBF0 /* Resources */,
			);
			buildRules = (
			);
			dependencies = (
				1980BF812804D86600E6FBF0 /* PBXTargetDependency */,
			);
			name = BuggyTests;
			productName = BuggyTests;
			productReference = 1980BF7F2804D86600E6FBF0 /* BuggyTests.xctest */;
			productType = "com.apple.product-type.bundle.unit-test";
		};
		1980BF882804D86700E6FBF0 /* BuggyUITests */ = {
			isa = PBXNativeTarget;
			buildConfigurationList = 1980BF992804D86700E6FBF0 /* Build configuration list for PBXNativeTarget "BuggyUITests" */;
			buildPhases = (
				1980BF852804D86700E6FBF0 /* Sources */,
				1980BF862804D86700E6FBF0 /* Frameworks */,
				1980BF872804D86700E6FBF0 /* Resources */,
			);
			buildRules = (
			);
			dependencies = (
				1980BF8B2804D86700E6FBF0 /* PBXTargetDependency */,
			);
			name = BuggyUITests;
			productName = BuggyUITests;
			productReference = 1980BF892804D86700E6FBF0 /* BuggyUITests.xctest */;
			productType = "com.apple.product-type.bundle.ui-testing";
		};
/* End PBXNativeTarget section */

/* Begin PBXProject section */
		1980BF612804D86100E6FBF0 /* Project object */ = {
			isa = PBXProject;
			attributes = {
				BuildIndependentTargetsInParallel = 1;
				LastSwiftUpdateCheck = 1320;
				LastUpgradeCheck = 1320;
				TargetAttributes = {
					1980BF682804D86200E6FBF0 = {
						CreatedOnToolsVersion = 13.2.1;
					};
					1980BF7E2804D86600E6FBF0 = {
						CreatedOnToolsVersion = 13.2.1;
						TestTargetID = 1980BF682804D86200E6FBF0;
					};
					1980BF882804D86700E6FBF0 = {
						CreatedOnToolsVersion = 13.2.1;
						TestTargetID = 1980BF682804D86200E6FBF0;
					};
				};
			};
			buildConfigurationList = 1980BF642804D86100E6FBF0 /* Build configuration list for PBXProject "Buggy" */;
			compatibilityVersion = "Xcode 13.0";
			developmentRegion = en;
			hasScannedForEncodings = 0;
			knownRegions = (
				en,
				Base,
			);
			mainGroup = 1980BF602804D86100E6FBF0;
			productRefGroup = 1980BF6A2804D86200E6FBF0 /* Products */;
			projectDirPath = "";
			projectRoot = "";
			targets = (
				1980BF682804D86200E6FBF0 /* Buggy */,
				1980BF7E2804D86600E6FBF0 /* BuggyTests */,
				1980BF882804D86700E6FBF0 /* BuggyUITests */,
			);
		};
/* End PBXProject section */

/* Begin PBXResourcesBuildPhase section */
		1980BF672804D86200E6FBF0 /* Resources */ = {
			isa = PBXResourcesBuildPhase;
			buildActionMask = 2147483647;
			files = (
				1980BF792804D86600E6FBF0 /* LaunchScreen.storyboard in Resources */,
				1980BF762804D86600E6FBF0 /* Assets.xcassets in Resources */,
				1980BF742804D86200E6FBF0 /* Main.storyboard in Resources */,
			);
			runOnlyForDeploymentPostprocessing = 0;
		};
		1980BF7D2804D86600E6FBF0 /* Resources */ = {
			isa = PBXResourcesBuildPhase;
			buildActionMask = 2147483647;
			files = (
			);
			runOnlyForDeploymentPostprocessing = 0;
		};
		1980BF872804D86700E6FBF0 /* Resources */ = {
			isa = PBXResourcesBuildPhase;
			buildActionMask = 2147483647;
			files = (
			);
			runOnlyForDeploymentPostprocessing = 0;
		};
/* End PBXResourcesBuildPhase section */

/* Begin PBXSourcesBuildPhase section */
		1980BF652804D86200E6FBF0 /* Sources */ = {
			isa = PBXSourcesBuildPhase;
			buildActionMask = 2147483647;
			files = (
				1980BF712804D86200E6FBF0 /* ViewController.swift in Sources */,
				1980BF6D2804D86200E6FBF0 /* AppDelegate.swift in Sources */,
				1980BF6F2804D86200E6FBF0 /* SceneDelegate.swift in Sources */,
			);
			runOnlyForDeploymentPostprocessing = 0;
		};
		1980BF7B2804D86600E6FBF0 /* Sources */ = {
			isa = PBXSourcesBuildPhase;
			buildActionMask = 2147483647;
			files = (
				1980BF842804D86600E6FBF0 /* BuggyTests.swift in Sources */,
			);
			runOnlyForDeploymentPostprocessing = 0;
		};
		1980BF852804D86700E6FBF0 /* Sources */ = {
			isa = PBXSourcesBuildPhase;
			buildActionMask = 2147483647;
			files = (
				1980BF8E2804D86700E6FBF0 /* BuggyUITests.swift in Sources */,
				1980BF902804D86700E6FBF0 /* BuggyUITestsLaunchTests.swift in Sources */,
			);
			runOnlyForDeploymentPostprocessing = 0;
		};
/* End PBXSourcesBuildPhase section */

/* Begin PBXTargetDependency section */
		1980BF812804D86600E6FBF0 /* PBXTargetDependency */ = {
			isa = PBXTargetDependency;
			target = 1980BF682804D86200E6FBF0 /* Buggy */;
			targetProxy = 1980BF802804D86600E6FBF0 /* PBXContainerItemProxy */;
		};
		1980BF8B2804D86700E6FBF0 /* PBXTargetDependency */ = {
			isa = PBXTargetDependency;
			target = 1980BF682804D86200E6FBF0 /* Buggy */;
			targetProxy = 1980BF8A2804D86700E6FBF0 /* PBXContainerItemProxy */;
		};
/* End PBXTargetDependency section */

/* Begin PBXVariantGroup section */
		1980BF722804D86200E6FBF0 /* Main.storyboard */ = {
			isa = PBXVariantGroup;
			children = (
				1980BF732804D86200E6FBF0 /* Base */,
			);
			name = Main.storyboard;
			sourceTree = "<group>";
		};
		1980BF772804D86600E6FBF0 /* LaunchScreen.storyboard */ = {
			isa = PBXVariantGroup;
			children = (
				1980BF782804D86600E6FBF0 /* Base */,
			);
			name = LaunchScreen.storyboard;
			sourceTree = "<group>";
		};
/* End PBXVariantGroup section */

/* Begin XCBuildConfiguration section */
		1980BF912804D86700E6FBF0 /* Debug */ = {
			isa = XCBuildConfiguration;
			buildSettings = {
				ALWAYS_SEARCH_USER_PATHS = NO;
				CLANG_ANALYZER_NONNULL = YES;
				CLANG_ANALYZER_NUMBER_OBJECT_CONVERSION = YES_AGGRESSIVE;
				CLANG_CXX_LANGUAGE_STANDARD = "gnu++17";
				CLANG_CXX_LIBRARY = "libc++";
				CLANG_ENABLE_MODULES = YES;
				CLANG_ENABLE_OBJC_ARC = YES;
				CLANG_ENABLE_OBJC_WEAK = YES;
				CLANG_WARN_BLOCK_CAPTURE_AUTORELEASING = YES;
				CLANG_WARN_BOOL_CONVERSION = YES;
				CLANG_WARN_COMMA = YES;
				CLANG_WARN_CONSTANT_CONVERSION = YES;
				CLANG_WARN_DEPRECATED_OBJC_IMPLEMENTATIONS = YES;
				CLANG_WARN_DIRECT_OBJC_ISA_USAGE = YES_ERROR;
				CLANG_WARN_DOCUMENTATION_COMMENTS = YES;
				CLANG_WARN_EMPTY_BODY = YES;
				CLANG_WARN_ENUM_CONVERSION = YES;
				CLANG_WARN_INFINITE_RECURSION = YES;
				CLANG_WARN_INT_CONVERSION = YES;
				CLANG_WARN_NON_LITERAL_NULL_CONVERSION = YES;
				CLANG_WARN_OBJC_IMPLICIT_RETAIN_SELF = YES;
				CLANG_WARN_OBJC_LITERAL_CONVERSION = YES;
				CLANG_WARN_OBJC_ROOT_CLASS = YES_ERROR;
				CLANG_WARN_QUOTED_INCLUDE_IN_FRAMEWORK_HEADER = YES;
				CLANG_WARN_RANGE_LOOP_ANALYSIS = YES;
				CLANG_WARN_STRICT_PROTOTYPES = YES;
				CLANG_WARN_SUSPICIOUS_MOVE = YES;
				CLANG_WARN_UNGUARDED_AVAILABILITY = YES_AGGRESSIVE;
				CLANG_WARN_UNREACHABLE_CODE = YES;
				CLANG_WARN__DUPLICATE_METHOD_MATCH = YES;
				COPY_PHASE_STRIP = NO;
				DEBUG_INFORMATION_FORMAT = dwarf;
				ENABLE_STRICT_OBJC_MSGSEND = YES;
				ENABLE_TESTABILITY = YES;
				GCC_C_LANGUAGE_STANDARD = gnu11;
				GCC_DYNAMIC_NO_PIC = NO;
				GCC_NO_COMMON_BLOCKS = YES;
				GCC_OPTIMIZATION_LEVEL = 0;
				GCC_PREPROCESSOR_DEFINITIONS = (
					"DEBUG=1",
					"$(inherited)",
				);
				GCC_WARN_64_TO_32_BIT_CONVERSION = YES;
				GCC_WARN_ABOUT_RETURN_TYPE = YES_ERROR;
				GCC_WARN_UNDECLARED_SELECTOR = YES;
				GCC_WARN_UNINITIALIZED_AUTOS = YES_AGGRESSIVE;
				GCC_WARN_UNUSED_FUNCTION = YES;
				GCC_WARN_UNUSED_VARIABLE = YES;
				IPHONEOS_DEPLOYMENT_TARGET = 15.2;
				MTL_ENABLE_DEBUG_INFO = INCLUDE_SOURCE;
				MTL_FAST_MATH = YES;
				ONLY_ACTIVE_ARCH = YES;
				SDKROOT = iphoneos;
				SWIFT_ACTIVE_COMPILATION_CONDITIONS = DEBUG;
				SWIFT_OPTIMIZATION_LEVEL = "-Onone";
			};
			name = Debug;
		};
		1980BF922804D86700E6FBF0 /* Release */ = {
			isa = XCBuildConfiguration;
			buildSettings = {
				ALWAYS_SEARCH_USER_PATHS = NO;
				CLANG_ANALYZER_NONNULL = YES;
				CLANG_ANALYZER_NUMBER_OBJECT_CONVERSION = YES_AGGRESSIVE;
				CLANG_CXX_LANGUAGE_STANDARD = "gnu++17";
				CLANG_CXX_LIBRARY = "libc++";
				CLANG_ENABLE_MODULES = YES;
				CLANG_ENABLE_OBJC_ARC = YES;
				CLANG_ENABLE_OBJC_WEAK = YES;
				CLANG_WARN_BLOCK_CAPTURE_AUTORELEASING = YES;
				CLANG_WARN_BOOL_CONVERSION = YES;
				CLANG_WARN_COMMA = YES;
				CLANG_WARN_CONSTANT_CONVERSION = YES;
				CLANG_WARN_DEPRECATED_OBJC_IMPLEMENTATIONS = YES;
				CLANG_WARN_DIRECT_OBJC_ISA_USAGE = YES_ERROR;
				CLANG_WARN_DOCUMENTATION_COMMENTS = YES;
				CLANG_WARN_EMPTY_BODY = YES;
				CLANG_WARN_ENUM_CONVERSION = YES;
				CLANG_WARN_INFINITE_RECURSION = YES;
				CLANG_WARN_INT_CONVERSION = YES;
				CLANG_WARN_NON_LITERAL_NULL_CONVERSION = YES;
				CLANG_WARN_OBJC_IMPLICIT_RETAIN_SELF = YES;
				CLANG_WARN_OBJC_LITERAL_CONVERSION = YES;
				CLANG_WARN_OBJC_ROOT_CLASS = YES_ERROR;
				CLANG_WARN_QUOTED_INCLUDE_IN_FRAMEWORK_HEADER = YES;
				CLANG_WARN_RANGE_LOOP_ANALYSIS = YES;
				CLANG_WARN_STRICT_PROTOTYPES = YES;
				CLANG_WARN_SUSPICIOUS_MOVE = YES;
				CLANG_WARN_UNGUARDED_AVAILABILITY = YES_AGGRESSIVE;
				CLANG_WARN_UNREACHABLE_CODE = YES;
				CLANG_WARN__DUPLICATE_METHOD_MATCH = YES;
				COPY_PHASE_STRIP = NO;
				DEBUG_INFORMATION_FORMAT = "dwarf-with-dsym";
				ENABLE_NS_ASSERTIONS = NO;
				ENABLE_STRICT_OBJC_MSGSEND = YES;
				GCC_C_LANGUAGE_STANDARD = gnu11;
				GCC_NO_COMMON_BLOCKS = YES;
				GCC_WARN_64_TO_32_BIT_CONVERSION = YES;
				GCC_WARN_ABOUT_RETURN_TYPE = YES_ERROR;
				GCC_WARN_UNDECLARED_SELECTOR = YES;
				GCC_WARN_UNINITIALIZED_AUTOS = YES_AGGRESSIVE;
				GCC_WARN_UNUSED_FUNCTION = YES;
				GCC_WARN_UNUSED_VARIABLE = YES;
				IPHONEOS_DEPLOYMENT_TARGET = 15.2;
				MTL_ENABLE_DEBUG_INFO = NO;
				MTL_FAST_MATH = YES;
				SDKROOT = iphoneos;
				SWIFT_COMPILATION_MODE = wholemodule;
				SWIFT_OPTIMIZATION_LEVEL = "-O";
				VALIDATE_PRODUCT = YES;
			};
			name = Release;
		};
		1980BF942804D86700E6FBF0 /* Debug */ = {
			isa = XCBuildConfiguration;
			buildSettings = {
				ASSETCATALOG_COMPILER_APPICON_NAME = AppIcon;
				ASSETCATALOG_COMPILER_GLOBAL_ACCENT_COLOR_NAME = AccentColor;
				CODE_SIGN_STYLE = Automatic;
				CURRENT_PROJECT_VERSION = 1;
				DEVELOPMENT_TEAM = 76P85BXFRK;
				GENERATE_INFOPLIST_FILE = YES;
				INFOPLIST_FILE = Buggy/Info.plist;
				INFOPLIST_KEY_UIApplicationSupportsIndirectInputEvents = YES;
				INFOPLIST_KEY_UILaunchStoryboardName = LaunchScreen;
				INFOPLIST_KEY_UIMainStoryboardFile = Main;
				INFOPLIST_KEY_UISupportedInterfaceOrientations_iPad = "UIInterfaceOrientationPortrait UIInterfaceOrientationPortraitUpsideDown UIInterfaceOrientationLandscapeLeft UIInterfaceOrientationLandscapeRight";
				INFOPLIST_KEY_UISupportedInterfaceOrientations_iPhone = "UIInterfaceOrientationPortrait UIInterfaceOrientationLandscapeLeft UIInterfaceOrientationLandscapeRight";
				LD_RUNPATH_SEARCH_PATHS = (
					"$(inherited)",
					"@executable_path/Frameworks",
				);
				MARKETING_VERSION = 1.0;
				PRODUCT_BUNDLE_IDENTIFIER = bignerdranch.Buggy;
				PRODUCT_NAME = "$(TARGET_NAME)";
				SWIFT_EMIT_LOC_STRINGS = YES;
				SWIFT_VERSION = 5.0;
				TARGETED_DEVICE_FAMILY = "1,2";
			};
			name = Debug;
		};
		1980BF952804D86700E6FBF0 /* Release */ = {
			isa = XCBuildConfiguration;
			buildSettings = {
				ASSETCATALOG_COMPILER_APPICON_NAME = AppIcon;
				ASSETCATALOG_COMPILER_GLOBAL_ACCENT_COLOR_NAME = AccentColor;
				CODE_SIGN_STYLE = Automatic;
				CURRENT_PROJECT_VERSION = 1;
				DEVELOPMENT_TEAM = 76P85BXFRK;
				GENERATE_INFOPLIST_FILE = YES;
				INFOPLIST_FILE = Buggy/Info.plist;
				INFOPLIST_KEY_UIApplicationSupportsIndirectInputEvents = YES;
				INFOPLIST_KEY_UILaunchStoryboardName = LaunchScreen;
				INFOPLIST_KEY_UIMainStoryboardFile = Main;
				INFOPLIST_KEY_UISupportedInterfaceOrientations_iPad = "UIInterfaceOrientationPortrait UIInterfaceOrientationPortraitUpsideDown UIInterfaceOrientationLandscapeLeft UIInterfaceOrientationLandscapeRight";
				INFOPLIST_KEY_UISupportedInterfaceOrientations_iPhone = "UIInterfaceOrientationPortrait UIInterfaceOrientationLandscapeLeft UIInterfaceOrientationLandscapeRight";
				LD_RUNPATH_SEARCH_PATHS = (
					"$(inherited)",
					"@executable_path/Frameworks",
				);
				MARKETING_VERSION = 1.0;
				PRODUCT_BUNDLE_IDENTIFIER = bignerdranch.Buggy;
				PRODUCT_NAME = "$(TARGET_NAME)";
				SWIFT_EMIT_LOC_STRINGS = YES;
				SWIFT_VERSION = 5.0;
				TARGETED_DEVICE_FAMILY = "1,2";
			};
			name = Release;
		};
		1980BF972804D86700E6FBF0 /* Debug */ = {
			isa = XCBuildConfiguration;
			buildSettings = {
				ALWAYS_EMBED_SWIFT_STANDARD_LIBRARIES = YES;
				BUNDLE_LOADER = "$(TEST_HOST)";
				CODE_SIGN_STYLE = Automatic;
				CURRENT_PROJECT_VERSION = 1;
				DEVELOPMENT_TEAM = 76P85BXFRK;
				GENERATE_INFOPLIST_FILE = YES;
				IPHONEOS_DEPLOYMENT_TARGET = 15.2;
				MARKETING_VERSION = 1.0;
				PRODUCT_BUNDLE_IDENTIFIER = bignerdranch.BuggyTests;
				PRODUCT_NAME = "$(TARGET_NAME)";
				SWIFT_EMIT_LOC_STRINGS = NO;
				SWIFT_VERSION = 5.0;
				TARGETED_DEVICE_FAMILY = "1,2";
				TEST_HOST = "$(BUILT_PRODUCTS_DIR)/Buggy.app/Buggy";
			};
			name = Debug;
		};
		1980BF982804D86700E6FBF0 /* Release */ = {
			isa = XCBuildConfiguration;
			buildSettings = {
				ALWAYS_EMBED_SWIFT_STANDARD_LIBRARIES = YES;
				BUNDLE_LOADER = "$(TEST_HOST)";
				CODE_SIGN_STYLE = Automatic;
				CURRENT_PROJECT_VERSION = 1;
				DEVELOPMENT_TEAM = 76P85BXFRK;
				GENERATE_INFOPLIST_FILE = YES;
				IPHONEOS_DEPLOYMENT_TARGET = 15.2;
				MARKETING_VERSION = 1.0;
				PRODUCT_BUNDLE_IDENTIFIER = bignerdranch.BuggyTests;
				PRODUCT_NAME = "$(TARGET_NAME)";
				SWIFT_EMIT_LOC_STRINGS = NO;
				SWIFT_VERSION = 5.0;
				TARGETED_DEVICE_FAMILY = "1,2";
				TEST_HOST = "$(BUILT_PRODUCTS_DIR)/Buggy.app/Buggy";
			};
			name = Release;
		};
		1980BF9A2804D86700E6FBF0 /* Debug */ = {
			isa = XCBuildConfiguration;
			buildSettings = {
				ALWAYS_EMBED_SWIFT_STANDARD_LIBRARIES = YES;
				CODE_SIGN_STYLE = Automatic;
				CURRENT_PROJECT_VERSION = 1;
				DEVELOPMENT_TEAM = 76P85BXFRK;
				GENERATE_INFOPLIST_FILE = YES;
				MARKETING_VERSION = 1.0;
				PRODUCT_BUNDLE_IDENTIFIER = bignerdranch.BuggyUITests;
				PRODUCT_NAME = "$(TARGET_NAME)";
				SWIFT_EMIT_LOC_STRINGS = NO;
				SWIFT_VERSION = 5.0;
				TARGETED_DEVICE_FAMILY = "1,2";
				TEST_TARGET_NAME = Buggy;
			};
			name = Debug;
		};
		1980BF9B2804D86700E6FBF0 /* Release */ = {
			isa = XCBuildConfiguration;
			buildSettings = {
				ALWAYS_EMBED_SWIFT_STANDARD_LIBRARIES = YES;
				CODE_SIGN_STYLE = Automatic;
				CURRENT_PROJECT_VERSION = 1;
				DEVELOPMENT_TEAM = 76P85BXFRK;
				GENERATE_INFOPLIST_FILE = YES;
				MARKETING_VERSION = 1.0;
				PRODUCT_BUNDLE_IDENTIFIER = bignerdranch.BuggyUITests;
				PRODUCT_NAME = "$(TARGET_NAME)";
				SWIFT_EMIT_LOC_STRINGS = NO;
				SWIFT_VERSION = 5.0;
				TARGETED_DEVICE_FAMILY = "1,2";
				TEST_TARGET_NAME = Buggy;
			};
			name = Release;
		};
/* End XCBuildConfiguration section */

/* Begin XCConfigurationList section */
		1980BF642804D86100E6FBF0 /* Build configuration list for PBXProject "Buggy" */ = {
			isa = XCConfigurationList;
			buildConfigurations = (
				1980BF912804D86700E6FBF0 /* Debug */,
				1980BF922804D86700E6FBF0 /* Release */,
			);
			defaultConfigurationIsVisible = 0;
			defaultConfigurationName = Release;
		};
		1980BF932804D86700E6FBF0 /* Build configuration list for PBXNativeTarget "Buggy" */ = {
			isa = XCConfigurationList;
			buildConfigurations = (
				1980BF942804D86700E6FBF0 /* Debug */,
				1980BF952804D86700E6FBF0 /* Release */,
			);
			defaultConfigurationIsVisible = 0;
			defaultConfigurationName = Release;
		};
		1980BF962804D86700E6FBF0 /* Build configuration list for PBXNativeTarget "BuggyTests" */ = {
			isa = XCConfigurationList;
			buildConfigurations = (
				1980BF972804D86700E6FBF0 /* Debug */,
				1980BF982804D86700E6FBF0 /* Release */,
			);
			defaultConfigurationIsVisible = 0;
			defaultConfigurationName = Release;
		};
		1980BF992804D86700E6FBF0 /* Build configuration list for PBXNativeTarget "BuggyUITests" */ = {
			isa = XCConfigurationList;
			buildConfigurations = (
				1980BF9A2804D86700E6FBF0 /* Debug */,
				1980BF9B2804D86700E6FBF0 /* Release */,
			);
			defaultConfigurationIsVisible = 0;
			defaultConfigurationName = Release;
		};
/* End XCConfigurationList section */
	};
	rootObject = 1980BF612804D86100E6FBF0 /* Project object */;
}
